
Microsoft Visual Studio Solution File, Format Version 12.00
# Visual Studio Version 16
VisualStudioVersion = 16.0.29521.150
MinimumVisualStudioVersion = 10.0.40219.1
Project("{FAE04EC0-301F-11D3-BF4B-00C04F79EFBC}") = "BloodBankWebApplication", "BloodBankWebApplication.csproj", "{8B2CA1AD-7B80-4A59-A6BE-E14AEBCFDAC9}"
EndProject
Global
	GlobalSection(SolutionConfigurationPlatforms) = preSolution
		Debug|Any CPU = Debug|Any CPU
		Release|Any CPU = Release|Any CPU
	EndGlobalSection
	GlobalSection(ProjectConfigurationPlatforms) = postSolution
		{8B2CA1AD-7B80-4A59-A6BE-E14AEBCFDAC9}.Debug|Any CPU.ActiveCfg = Debug|Any CPU
		{8B2CA1AD-7B80-4A59-A6BE-E14AEBCFDAC9}.Debug|Any CPU.Build.0 = Debug|Any CPU
		{8B2CA1AD-7B80-4A59-A6BE-E14AEBCFDAC9}.Release|Any CPU.ActiveCfg = Release|Any CPU
		{8B2CA1AD-7B80-4A59-A6BE-E14AEBCFDAC9}.Release|Any CPU.Build.0 = Release|Any CPU
	EndGlobalSection
	GlobalSection(SolutionProperties) = preSolution
		HideSolutionNode = FALSE
	EndGlobalSection
	GlobalSection(ExtensibilityGlobals) = postSolution
		SolutionGuid = {A0CD7106-FEA7-4892-90C1-96DE736554A3}
	EndGlobalSection
EndGlobal
